
Microsoft Visual Studio Solution File, Format Version 12.00
# Visual Studio Version 17
VisualStudioVersion = 17.0.31903.59
MinimumVisualStudioVersion = 10.0.40219.1
Project("{FAE04EC0-301F-11D3-BF4B-00C04F79EFBC}") = "WeShareApiTests", "WeShareApiTests\WeShareApiTests.csproj", "{2A1F3A92-5302-4292-8D86-15D1552EF329}"
EndProject
Project("{FAE04EC0-301F-11D3-BF4B-00C04F79EFBC}") = "WeShareGuiTests", "WeShareGuiTests\WeShareGuiTests.csproj", "{8FD2BF6A-9689-4223-8A85-2A867EE11BD2}"
EndProject
Global
	GlobalSection(SolutionConfigurationPlatforms) = preSolution
		Debug|Any CPU = Debug|Any CPU
		Release|Any CPU = Release|Any CPU
	EndGlobalSection
	GlobalSection(SolutionProperties) = preSolution
		HideSolutionNode = FALSE
	EndGlobalSection
	GlobalSection(ProjectConfigurationPlatforms) = postSolution
		{2A1F3A92-5302-4292-8D86-15D1552EF329}.Debug|Any CPU.ActiveCfg = Debug|Any CPU
		{2A1F3A92-5302-4292-8D86-15D1552EF329}.Debug|Any CPU.Build.0 = Debug|Any CPU
		{2A1F3A92-5302-4292-8D86-15D1552EF329}.Release|Any CPU.ActiveCfg = Release|Any CPU
		{2A1F3A92-5302-4292-8D86-15D1552EF329}.Release|Any CPU.Build.0 = Release|Any CPU
		{8FD2BF6A-9689-4223-8A85-2A867EE11BD2}.Debug|Any CPU.ActiveCfg = Debug|Any CPU
		{8FD2BF6A-9689-4223-8A85-2A867EE11BD2}.Debug|Any CPU.Build.0 = Debug|Any CPU
		{8FD2BF6A-9689-4223-8A85-2A867EE11BD2}.Release|Any CPU.ActiveCfg = Release|Any CPU
		{8FD2BF6A-9689-4223-8A85-2A867EE11BD2}.Release|Any CPU.Build.0 = Release|Any CPU
	EndGlobalSection
EndGlobal
